
Microsoft Visual Studio Solution File, Format Version 12.00
# Visual Studio 2013
VisualStudioVersion = 12.0.21005.1
MinimumVisualStudioVersion = 10.0.40219.1
Project("{8BC9CEB8-8B4A-11D0-8D11-00A0C91BC942}") = "Tests", "Tests\Tests.vcxproj", "{5FCDCC83-33DD-4CA2-AD9B-37909DF1A8C3}"
EndProject
Project("{8BC9CEB8-8B4A-11D0-8D11-00A0C91BC942}") = "CrossLib", "CrossLib\CrossLib.vcxproj", "{A6B32754-BBBA-4809-BE96-2A3F097B83AB}"
EndProject
Project("{8BC9CEB8-8B4A-11D0-8D11-00A0C91BC942}") = "SocketLib", "SocketLib\SocketLib.vcxproj", "{484AE213-1A49-4EB5-9C0E-9FF858EC7D77}"
EndProject
Global
	GlobalSection(SolutionConfigurationPlatforms) = preSolution
		Debug|Win32 = Debug|Win32
		Release|Win32 = Release|Win32
	EndGlobalSection
	GlobalSection(ProjectConfigurationPlatforms) = postSolution
		{5FCDCC83-33DD-4CA2-AD9B-37909DF1A8C3}.Debug|Win32.ActiveCfg = Debug|Win32
		{5FCDCC83-33DD-4CA2-AD9B-37909DF1A8C3}.Debug|Win32.Build.0 = Debug|Win32
		{5FCDCC83-33DD-4CA2-AD9B-37909DF1A8C3}.Release|Win32.ActiveCfg = Release|Win32
		{5FCDCC83-33DD-4CA2-AD9B-37909DF1A8C3}.Release|Win32.Build.0 = Release|Win32
		{A6B32754-BBBA-4809-BE96-2A3F097B83AB}.Debug|Win32.ActiveCfg = Debug|Win32
		{A6B32754-BBBA-4809-BE96-2A3F097B83AB}.Debug|Win32.Build.0 = Debug|Win32
		{A6B32754-BBBA-4809-BE96-2A3F097B83AB}.Release|Win32.ActiveCfg = Release|Win32
		{A6B32754-BBBA-4809-BE96-2A3F097B83AB}.Release|Win32.Build.0 = Release|Win32
		{484AE213-1A49-4EB5-9C0E-9FF858EC7D77}.Debug|Win32.ActiveCfg = Debug|Win32
		{484AE213-1A49-4EB5-9C0E-9FF858EC7D77}.Debug|Win32.Build.0 = Debug|Win32
		{484AE213-1A49-4EB5-9C0E-9FF858EC7D77}.Release|Win32.ActiveCfg = Release|Win32
		{484AE213-1A49-4EB5-9C0E-9FF858EC7D77}.Release|Win32.Build.0 = Release|Win32
	EndGlobalSection
	GlobalSection(SolutionProperties) = preSolution
		HideSolutionNode = FALSE
	EndGlobalSection
EndGlobal
